{
  "name": "puzzle",
  "lockfileVersion": 3,
  "requires": true,
  "packages": {
    "": {
      "devDependencies": {
        "miniprogram-api-typings": "^4.0.4"
      }
    },
    "node_modules/miniprogram-api-typings": {
      "version": "4.0.4",
      "resolved": "https://registry.npmmirror.com/miniprogram-api-typings/-/miniprogram-api-typings-4.0.4.tgz",
      "integrity": "sha512-51SElLHA9t7/v54IFVjZcbeP04dQL4HreCvBLt3XGA3qruKRT9gvBtBvHXfOjXbhjVd6Vy2myOg/0LELPWmhfg==",
      "dev": true,
      "license": "MIT"
    }
  }
}
